// !$*UTF8*$!
{
	archiveVersion = 1;
	classes = {
	};
	objectVersion = 46;
	objects = {

/* Begin PBXBuildFile section */
		262048F21C33101700541683 /* TipCalc.swift in Sources */ = {isa = PBXBuildFile; fileRef = 262048F11C33101700541683 /* TipCalc.swift */; };
		D318FBA01B8F9CE400B230EF /* AppDelegate.swift in Sources */ = {isa = PBXBuildFile; fileRef = D318FB9F1B8F9CE400B230EF /* AppDelegate.swift */; };
		D318FBA21B8F9CE400B230EF /* ViewController.swift in Sources */ = {isa = PBXBuildFile; fileRef = D318FBA11B8F9CE400B230EF /* ViewController.swift */; };
		D318FBA51B8F9CE400B230EF /* Main.storyboard in Resources */ = {isa = PBXBuildFile; fileRef = D318FBA31B8F9CE400B230EF /* Main.storyboard */; };
		D318FBA71B8F9CE400B230EF /* Assets.xcassets in Resources */ = {isa = PBXBuildFile; fileRef = D318FBA61B8F9CE400B230EF /* Assets.xcassets */; };
		D318FBAA1B8F9CE400B230EF /* LaunchScreen.storyboard in Resources */ = {isa = PBXBuildFile; fileRef = D318FBA81B8F9CE400B230EF /* LaunchScreen.storyboard */; };
/* End PBXBuildFile section */

/* Begin PBXFileReference section */
		262048F11C33101700541683 /* TipCalc.swift */ = {isa = PBXFileReference; fileEncoding = 4; lastKnownFileType = sourcecode.swift; path = TipCalc.swift; sourceTree = "<group>"; };
		D318FB9C1B8F9CE400B230EF /* TipCalc.app */ = {isa = PBXFileReference; explicitFileType = wrapper.application; includeInIndex = 0; path = TipCalc.app; sourceTree = BUILT_PRODUCTS_DIR; };
		D318FB9F1B8F9CE400B230EF /* AppDelegate.swift */ = {isa = PBXFileReference; lastKnownFileType = sourcecode.swift; path = AppDelegate.swift; sourceTree = "<group>"; };
		D318FBA11B8F9CE400B230EF /* ViewController.swift */ = {isa = PBXFileReference; lastKnownFileType = sourcecode.swift; path = ViewController.swift; sourceTree = "<group>"; };
		D318FBA41B8F9CE400B230EF /* Base */ = {isa = PBXFileReference; lastKnownFileType = file.storyboard; name = Base; path = Base.lproj/Main.storyboard; sourceTree = "<group>"; };
		D318FBA61B8F9CE400B230EF /* Assets.xcassets */ = {isa = PBXFileReference; lastKnownFileType = folder.assetcatalog; path = Assets.xcassets; sourceTree = "<group>"; };
		D318FBA91B8F9CE400B230EF /* Base */ = {isa = PBXFileReference; lastKnownFileType = file.storyboard; name = Base; path = Base.lproj/LaunchScreen.storyboard; sourceTree = "<group>"; };
		D318FBAB1B8F9CE400B230EF /* Info.plist */ = {isa = PBXFileReference; lastKnownFileType = text.plist.xml; path = Info.plist; sourceTree = "<group>"; };
/* End PBXFileReference section */

/* Begin PBXFrameworksBuildPhase section */
		D318FB991B8F9CE400B230EF /* Frameworks */ = {
			isa = PBXFrameworksBuildPhase;
			buildActionMask = 2147483647;
			files = (
			);
			runOnlyForDeploymentPostprocessing = 0;
		};
/* End PBXFrameworksBuildPhase section */

/* Begin PBXGroup section */
		D318FB931B8F9CE400B230EF = {
			isa = PBXGroup;
			children = (
				D318FB9E1B8F9CE400B230EF /* TipCalc */,
				D318FB9D1B8F9CE400B230EF /* Products */,
			);
			sourceTree = "<group>";
		};
		D318FB9D1B8F9CE400B230EF /* Products */ = {
			isa = PBXGroup;
			children = (
				D318FB9C1B8F9CE400B230EF /* TipCalc.app */,
			);
			name = Products;
			sourceTree = "<group>";
		};
		D318FB9E1B8F9CE400B230EF /* TipCalc */ = {
			isa = PBXGroup;
			children = (
				D318FB9F1B8F9CE400B230EF /* AppDelegate.swift */,
				D318FBA11B8F9CE400B230EF /* ViewController.swift */,
				D318FBA31B8F9CE400B230EF /* Main.storyboard */,
				262048F11C33101700541683 /* TipCalc.swift */,
				D318FBA61B8F9CE400B230EF /* Assets.xcassets */,
				D318FBA81B8F9CE400B230EF /* LaunchScreen.storyboard */,
				D318FBAB1B8F9CE400B230EF /* Info.plist */,
			);
			path = TipCalc;
			sourceTree = "<group>";
		};
/* End PBXGroup section */

/* Begin PBXNativeTarget section */
		D318FB9B1B8F9CE400B230EF /* TipCalc */ = {
			isa = PBXNativeTarget;
			buildConfigurationList = D318FBAE1B8F9CE400B230EF /* Build configuration list for PBXNativeTarget "TipCalc" */;
			buildPhases = (
				D318FB981B8F9CE400B230EF /* Sources */,
				D318FB991B8F9CE400B230EF /* Frameworks */,
				D318FB9A1B8F9CE400B230EF /* Resources */,
			);
			buildRules = (
			);
			dependencies = (
			);
			name = TipCalc;
			productName = TipCalc;
			productReference = D318FB9C1B8F9CE400B230EF /* TipCalc.app */;
			productType = "com.apple.product-type.application";
		};
/* End PBXNativeTarget section */

/* Begin PBXProject section */
		D318FB941B8F9CE400B230EF /* Project object */ = {
			isa = PBXProject;
			attributes = {
				LastUpgradeCheck = 0700;
				ORGANIZATIONNAME = Razeware;
				TargetAttributes = {
					D318FB9B1B8F9CE400B230EF = {
						CreatedOnToolsVersion = 7.0;
						DevelopmentTeam = 5EMMFJR5B8;
					};
				};
			};
			buildConfigurationList = D318FB971B8F9CE400B230EF /* Build configuration list for PBXProject "TipCalc" */;
			compatibilityVersion = "Xcode 3.2";
			developmentRegion = English;
			hasScannedForEncodings = 0;
			knownRegions = (
				en,
				Base,
			);
			mainGroup = D318FB931B8F9CE400B230EF;
			productRefGroup = D318FB9D1B8F9CE400B230EF /* Products */;
			projectDirPath = "";
			projectRoot = "";
			targets = (
				D318FB9B1B8F9CE400B230EF /* TipCalc */,
			);
		};
/* End PBXProject section */

/* Begin PBXResourcesBuildPhase section */
		D318FB9A1B8F9CE400B230EF /* Resources */ = {
			isa = PBXResourcesBuildPhase;
			buildActionMask = 2147483647;
			files = (
				D318FBAA1B8F9CE400B230EF /* LaunchScreen.storyboard in Resources */,
				D318FBA71B8F9CE400B230EF /* Assets.xcassets in Resources */,
				D318FBA51B8F9CE400B230EF /* Main.storyboard in Resources */,
			);
			runOnlyForDeploymentPostprocessing = 0;
		};
/* End PBXResourcesBuildPhase section */

/* Begin PBXSourcesBuildPhase section */
		D318FB981B8F9CE400B230EF /* Sources */ = {
			isa = PBXSourcesBuildPhase;
			buildActionMask = 2147483647;
			files = (
				D318FBA21B8F9CE400B230EF /* ViewController.swift in Sources */,
				262048F21C33101700541683 /* TipCalc.swift in Sources */,
				D318FBA01B8F9CE400B230EF /* AppDelegate.swift in Sources */,
			);
			runOnlyForDeploymentPostprocessing = 0;
		};
/* End PBXSourcesBuildPhase section */

/* Begin PBXVariantGroup section */
		D318FBA31B8F9CE400B230EF /* Main.storyboard */ = {
			isa = PBXVariantGroup;
			children = (
				D318FBA41B8F9CE400B230EF /* Base */,
			);
			name = Main.storyboard;
			sourceTree = "<group>";
		};
		D318FBA81B8F9CE400B230EF /* LaunchScreen.storyboard */ = {
			isa = PBXVariantGroup;
			children = (
				D318FBA91B8F9CE400B230EF /* Base */,
			);
			name = LaunchScreen.storyboard;
			sourceTree = "<group>";
		};
/* End PBXVariantGroup section */

/* Begin XCBuildConfiguration section */
		D318FBAC1B8F9CE400B230EF /* Debug */ = {
			isa = XCBuildConfiguration;
			buildSettings = {
				ALWAYS_SEARCH_USER_PATHS = NO;
				CLANG_CXX_LANGUAGE_STANDARD = "gnu++0x";
				CLANG_CXX_LIBRARY = "libc++";
				CLANG_ENABLE_MODULES = YES;
				CLANG_ENABLE_OBJC_ARC = YES;
				CLANG_WARN_BOOL_CONVERSION = YES;
				CLANG_WARN_CONSTANT_CONVERSION = YES;
				CLANG_WARN_DIRECT_OBJC_ISA_USAGE = YES_ERROR;
				CLANG_WARN_EMPTY_BODY = YES;
				CLANG_WARN_ENUM_CONVERSION = YES;
				CLANG_WARN_INT_CONVERSION = YES;
				CLANG_WARN_OBJC_ROOT_CLASS = YES_ERROR;
				CLANG_WARN_UNREACHABLE_CODE = YES;
				CLANG_WARN__DUPLICATE_METHOD_MATCH = YES;
				"CODE_SIGN_IDENTITY[sdk=iphoneos*]" = "iPhone Developer";
				COPY_PHASE_STRIP = NO;
				DEBUG_INFORMATION_FORMAT = dwarf;
				ENABLE_STRICT_OBJC_MSGSEND = YES;
				ENABLE_TESTABILITY = YES;
				GCC_C_LANGUAGE_STANDARD = gnu99;
				GCC_DYNAMIC_NO_PIC = NO;
				GCC_NO_COMMON_BLOCKS = YES;
				GCC_OPTIMIZATION_LEVEL = 0;
				GCC_PREPROCESSOR_DEFINITIONS = (
					"DEBUG=1",
					"$(inherited)",
				);
				GCC_WARN_64_TO_32_BIT_CONVERSION = YES;
				GCC_WARN_ABOUT_RETURN_TYPE = YES_ERROR;
				GCC_WARN_UNDECLARED_SELECTOR = YES;
				GCC_WARN_UNINITIALIZED_AUTOS = YES_AGGRESSIVE;
				GCC_WARN_UNUSED_FUNCTION = YES;
				GCC_WARN_UNUSED_VARIABLE = YES;
				IPHONEOS_DEPLOYMENT_TARGET = 9.0;
				MTL_ENABLE_DEBUG_INFO = YES;
				ONLY_ACTIVE_ARCH = YES;
				SDKROOT = iphoneos;
				SWIFT_OPTIMIZATION_LEVEL = "-Onone";
				TARGETED_DEVICE_FAMILY = "1,2";
			};
			name = Debug;
		};
		D318FBAD1B8F9CE400B230EF /* Release */ = {
			isa = XCBuildConfiguration;
			buildSettings = {
				ALWAYS_SEARCH_USER_PATHS = NO;
				CLANG_CXX_LANGUAGE_STANDARD = "gnu++0x";
				CLANG_CXX_LIBRARY = "libc++";
				CLANG_ENABLE_MODULES = YES;
				CLANG_ENABLE_OBJC_ARC = YES;
				CLANG_WARN_BOOL_CONVERSION = YES;
				CLANG_WARN_CONSTANT_CONVERSION = YES;
				CLANG_WARN_DIRECT_OBJC_ISA_USAGE = YES_ERROR;
				CLANG_WARN_EMPTY_BODY = YES;
				CLANG_WARN_ENUM_CONVERSION = YES;
				CLANG_WARN_INT_CONVERSION = YES;
				CLANG_WARN_OBJC_ROOT_CLASS = YES_ERROR;
				CLANG_WARN_UNREACHABLE_CODE = YES;
				CLANG_WARN__DUPLICATE_METHOD_MATCH = YES;
				"CODE_SIGN_IDENTITY[sdk=iphoneos*]" = "iPhone Developer";
				COPY_PHASE_STRIP = NO;
				DEBUG_INFORMATION_FORMAT = "dwarf-with-dsym";
				ENABLE_NS_ASSERTIONS = NO;
				ENABLE_STRICT_OBJC_MSGSEND = YES;
				GCC_C_LANGUAGE_STANDARD = gnu99;
				GCC_NO_COMMON_BLOCKS = YES;
				GCC_WARN_64_TO_32_BIT_CONVERSION = YES;
				GCC_WARN_ABOUT_RETURN_TYPE = YES_ERROR;
				GCC_WARN_UNDECLARED_SELECTOR = YES;
				GCC_WARN_UNINITIALIZED_AUTOS = YES_AGGRESSIVE;
				GCC_WARN_UNUSED_FUNCTION = YES;
				GCC_WARN_UNUSED_VARIABLE = YES;
				IPHONEOS_DEPLOYMENT_TARGET = 9.0;
				MTL_ENABLE_DEBUG_INFO = NO;
				SDKROOT = iphoneos;
				TARGETED_DEVICE_FAMILY = "1,2";
				VALIDATE_PRODUCT = YES;
			};
			name = Release;
		};
		D318FBAF1B8F9CE400B230EF /* Debug */ = {
			isa = XCBuildConfiguration;
			buildSettings = {
				ASSETCATALOG_COMPILER_APPICON_NAME = AppIcon;
				CODE_SIGN_IDENTITY = "iPhone Developer";
				"CODE_SIGN_IDENTITY[sdk=iphoneos*]" = "iPhone Developer";
				INFOPLIST_FILE = TipCalc/Info.plist;
				LD_RUNPATH_SEARCH_PATHS = "$(inherited) @executable_path/Frameworks";
				PRODUCT_BUNDLE_IDENTIFIER = co.com.diegosalazar.TipCalc;
				PRODUCT_NAME = "$(TARGET_NAME)";
				PROVISIONING_PROFILE = "";
				TARGETED_DEVICE_FAMILY = 1;
			};
			name = Debug;
		};
		D318FBB01B8F9CE400B230EF /* Release */ = {
			isa = XCBuildConfiguration;
			buildSettings = {
				ASSETCATALOG_COMPILER_APPICON_NAME = AppIcon;
				CODE_SIGN_IDENTITY = "iPhone Developer";
				"CODE_SIGN_IDENTITY[sdk=iphoneos*]" = "iPhone Developer";
				INFOPLIST_FILE = TipCalc/Info.plist;
				LD_RUNPATH_SEARCH_PATHS = "$(inherited) @executable_path/Frameworks";
				PRODUCT_BUNDLE_IDENTIFIER = co.com.diegosalazar.TipCalc;
				PRODUCT_NAME = "$(TARGET_NAME)";
				PROVISIONING_PROFILE = "";
				TARGETED_DEVICE_FAMILY = 1;
			};
			name = Release;
		};
/* End XCBuildConfiguration section */

/* Begin XCConfigurationList section */
		D318FB971B8F9CE400B230EF /* Build configuration list for PBXProject "TipCalc" */ = {
			isa = XCConfigurationList;
			buildConfigurations = (
				D318FBAC1B8F9CE400B230EF /* Debug */,
				D318FBAD1B8F9CE400B230EF /* Release */,
			);
			defaultConfigurationIsVisible = 0;
			defaultConfigurationName = Release;
		};
		D318FBAE1B8F9CE400B230EF /* Build configuration list for PBXNativeTarget "TipCalc" */ = {
			isa = XCConfigurationList;
			buildConfigurations = (
				D318FBAF1B8F9CE400B230EF /* Debug */,
				D318FBB01B8F9CE400B230EF /* Release */,
			);
			defaultConfigurationIsVisible = 0;
			defaultConfigurationName = Release;
		};
/* End XCConfigurationList section */
	};
	rootObject = D318FB941B8F9CE400B230EF /* Project object */;
}
