// !$*UTF8*$!
{
	archiveVersion = 1;
	classes = {
	};
	objectVersion = 46;
	objects = {

/* Begin PBXBuildFile section */
		26D4FF251C343E4C00918C1F /* AppDelegate.swift in Sources */ = {isa = PBXBuildFile; fileRef = 26D4FF241C343E4C00918C1F /* AppDelegate.swift */; };
		26D4FF271C343E4C00918C1F /* ViewController.swift in Sources */ = {isa = PBXBuildFile; fileRef = 26D4FF261C343E4C00918C1F /* ViewController.swift */; };
		26D4FF2A1C343E4D00918C1F /* Main.storyboard in Resources */ = {isa = PBXBuildFile; fileRef = 26D4FF281C343E4D00918C1F /* Main.storyboard */; };
		26D4FF2C1C343E4D00918C1F /* Assets.xcassets in Resources */ = {isa = PBXBuildFile; fileRef = 26D4FF2B1C343E4D00918C1F /* Assets.xcassets */; };
		26D4FF2F1C343E4D00918C1F /* LaunchScreen.storyboard in Resources */ = {isa = PBXBuildFile; fileRef = 26D4FF2D1C343E4D00918C1F /* LaunchScreen.storyboard */; };
		26D4FF371C3443B300918C1F /* Question.swift in Sources */ = {isa = PBXBuildFile; fileRef = 26D4FF361C3443B300918C1F /* Question.swift */; };
		26D4FF391C3470A400918C1F /* AnswerViewController.swift in Sources */ = {isa = PBXBuildFile; fileRef = 26D4FF381C3470A400918C1F /* AnswerViewController.swift */; };
/* End PBXBuildFile section */

/* Begin PBXFileReference section */
		26D4FF211C343E4C00918C1F /* VGTrivia.app */ = {isa = PBXFileReference; explicitFileType = wrapper.application; includeInIndex = 0; path = VGTrivia.app; sourceTree = BUILT_PRODUCTS_DIR; };
		26D4FF241C343E4C00918C1F /* AppDelegate.swift */ = {isa = PBXFileReference; lastKnownFileType = sourcecode.swift; path = AppDelegate.swift; sourceTree = "<group>"; };
		26D4FF261C343E4C00918C1F /* ViewController.swift */ = {isa = PBXFileReference; lastKnownFileType = sourcecode.swift; path = ViewController.swift; sourceTree = "<group>"; };
		26D4FF291C343E4D00918C1F /* Base */ = {isa = PBXFileReference; lastKnownFileType = file.storyboard; name = Base; path = Base.lproj/Main.storyboard; sourceTree = "<group>"; };
		26D4FF2B1C343E4D00918C1F /* Assets.xcassets */ = {isa = PBXFileReference; lastKnownFileType = folder.assetcatalog; path = Assets.xcassets; sourceTree = "<group>"; };
		26D4FF2E1C343E4D00918C1F /* Base */ = {isa = PBXFileReference; lastKnownFileType = file.storyboard; name = Base; path = Base.lproj/LaunchScreen.storyboard; sourceTree = "<group>"; };
		26D4FF301C343E4D00918C1F /* Info.plist */ = {isa = PBXFileReference; lastKnownFileType = text.plist.xml; path = Info.plist; sourceTree = "<group>"; };
		26D4FF361C3443B300918C1F /* Question.swift */ = {isa = PBXFileReference; fileEncoding = 4; lastKnownFileType = sourcecode.swift; path = Question.swift; sourceTree = "<group>"; };
		26D4FF381C3470A400918C1F /* AnswerViewController.swift */ = {isa = PBXFileReference; fileEncoding = 4; lastKnownFileType = sourcecode.swift; path = AnswerViewController.swift; sourceTree = "<group>"; };
/* End PBXFileReference section */

/* Begin PBXFrameworksBuildPhase section */
		26D4FF1E1C343E4C00918C1F /* Frameworks */ = {
			isa = PBXFrameworksBuildPhase;
			buildActionMask = 2147483647;
			files = (
			);
			runOnlyForDeploymentPostprocessing = 0;
		};
/* End PBXFrameworksBuildPhase section */

/* Begin PBXGroup section */
		26D4FF181C343E4C00918C1F = {
			isa = PBXGroup;
			children = (
				26D4FF231C343E4C00918C1F /* VGTrivia */,
				26D4FF221C343E4C00918C1F /* Products */,
			);
			sourceTree = "<group>";
		};
		26D4FF221C343E4C00918C1F /* Products */ = {
			isa = PBXGroup;
			children = (
				26D4FF211C343E4C00918C1F /* VGTrivia.app */,
			);
			name = Products;
			sourceTree = "<group>";
		};
		26D4FF231C343E4C00918C1F /* VGTrivia */ = {
			isa = PBXGroup;
			children = (
				26D4FF361C3443B300918C1F /* Question.swift */,
				26D4FF241C343E4C00918C1F /* AppDelegate.swift */,
				26D4FF261C343E4C00918C1F /* ViewController.swift */,
				26D4FF281C343E4D00918C1F /* Main.storyboard */,
				26D4FF381C3470A400918C1F /* AnswerViewController.swift */,
				26D4FF2B1C343E4D00918C1F /* Assets.xcassets */,
				26D4FF2D1C343E4D00918C1F /* LaunchScreen.storyboard */,
				26D4FF301C343E4D00918C1F /* Info.plist */,
			);
			path = VGTrivia;
			sourceTree = "<group>";
		};
/* End PBXGroup section */

/* Begin PBXNativeTarget section */
		26D4FF201C343E4C00918C1F /* VGTrivia */ = {
			isa = PBXNativeTarget;
			buildConfigurationList = 26D4FF331C343E4D00918C1F /* Build configuration list for PBXNativeTarget "VGTrivia" */;
			buildPhases = (
				26D4FF1D1C343E4C00918C1F /* Sources */,
				26D4FF1E1C343E4C00918C1F /* Frameworks */,
				26D4FF1F1C343E4C00918C1F /* Resources */,
			);
			buildRules = (
			);
			dependencies = (
			);
			name = VGTrivia;
			productName = VGTrivia;
			productReference = 26D4FF211C343E4C00918C1F /* VGTrivia.app */;
			productType = "com.apple.product-type.application";
		};
/* End PBXNativeTarget section */

/* Begin PBXProject section */
		26D4FF191C343E4C00918C1F /* Project object */ = {
			isa = PBXProject;
			attributes = {
				LastSwiftUpdateCheck = 0720;
				LastUpgradeCheck = 0720;
				ORGANIZATIONNAME = "Diego Salazar";
				TargetAttributes = {
					26D4FF201C343E4C00918C1F = {
						CreatedOnToolsVersion = 7.2;
						DevelopmentTeam = 5EMMFJR5B8;
					};
				};
			};
			buildConfigurationList = 26D4FF1C1C343E4C00918C1F /* Build configuration list for PBXProject "VGTrivia" */;
			compatibilityVersion = "Xcode 3.2";
			developmentRegion = English;
			hasScannedForEncodings = 0;
			knownRegions = (
				en,
				Base,
			);
			mainGroup = 26D4FF181C343E4C00918C1F;
			productRefGroup = 26D4FF221C343E4C00918C1F /* Products */;
			projectDirPath = "";
			projectRoot = "";
			targets = (
				26D4FF201C343E4C00918C1F /* VGTrivia */,
			);
		};
/* End PBXProject section */

/* Begin PBXResourcesBuildPhase section */
		26D4FF1F1C343E4C00918C1F /* Resources */ = {
			isa = PBXResourcesBuildPhase;
			buildActionMask = 2147483647;
			files = (
				26D4FF2F1C343E4D00918C1F /* LaunchScreen.storyboard in Resources */,
				26D4FF2C1C343E4D00918C1F /* Assets.xcassets in Resources */,
				26D4FF2A1C343E4D00918C1F /* Main.storyboard in Resources */,
			);
			runOnlyForDeploymentPostprocessing = 0;
		};
/* End PBXResourcesBuildPhase section */

/* Begin PBXSourcesBuildPhase section */
		26D4FF1D1C343E4C00918C1F /* Sources */ = {
			isa = PBXSourcesBuildPhase;
			buildActionMask = 2147483647;
			files = (
				26D4FF391C3470A400918C1F /* AnswerViewController.swift in Sources */,
				26D4FF371C3443B300918C1F /* Question.swift in Sources */,
				26D4FF271C343E4C00918C1F /* ViewController.swift in Sources */,
				26D4FF251C343E4C00918C1F /* AppDelegate.swift in Sources */,
			);
			runOnlyForDeploymentPostprocessing = 0;
		};
/* End PBXSourcesBuildPhase section */

/* Begin PBXVariantGroup section */
		26D4FF281C343E4D00918C1F /* Main.storyboard */ = {
			isa = PBXVariantGroup;
			children = (
				26D4FF291C343E4D00918C1F /* Base */,
			);
			name = Main.storyboard;
			sourceTree = "<group>";
		};
		26D4FF2D1C343E4D00918C1F /* LaunchScreen.storyboard */ = {
			isa = PBXVariantGroup;
			children = (
				26D4FF2E1C343E4D00918C1F /* Base */,
			);
			name = LaunchScreen.storyboard;
			sourceTree = "<group>";
		};
/* End PBXVariantGroup section */

/* Begin XCBuildConfiguration section */
		26D4FF311C343E4D00918C1F /* Debug */ = {
			isa = XCBuildConfiguration;
			buildSettings = {
				ALWAYS_SEARCH_USER_PATHS = NO;
				CLANG_CXX_LANGUAGE_STANDARD = "gnu++0x";
				CLANG_CXX_LIBRARY = "libc++";
				CLANG_ENABLE_MODULES = YES;
				CLANG_ENABLE_OBJC_ARC = YES;
				CLANG_WARN_BOOL_CONVERSION = YES;
				CLANG_WARN_CONSTANT_CONVERSION = YES;
				CLANG_WARN_DIRECT_OBJC_ISA_USAGE = YES_ERROR;
				CLANG_WARN_EMPTY_BODY = YES;
				CLANG_WARN_ENUM_CONVERSION = YES;
				CLANG_WARN_INT_CONVERSION = YES;
				CLANG_WARN_OBJC_ROOT_CLASS = YES_ERROR;
				CLANG_WARN_UNREACHABLE_CODE = YES;
				CLANG_WARN__DUPLICATE_METHOD_MATCH = YES;
				"CODE_SIGN_IDENTITY[sdk=iphoneos*]" = "iPhone Developer";
				COPY_PHASE_STRIP = NO;
				DEBUG_INFORMATION_FORMAT = dwarf;
				ENABLE_STRICT_OBJC_MSGSEND = YES;
				ENABLE_TESTABILITY = YES;
				GCC_C_LANGUAGE_STANDARD = gnu99;
				GCC_DYNAMIC_NO_PIC = NO;
				GCC_NO_COMMON_BLOCKS = YES;
				GCC_OPTIMIZATION_LEVEL = 0;
				GCC_PREPROCESSOR_DEFINITIONS = (
					"DEBUG=1",
					"$(inherited)",
				);
				GCC_WARN_64_TO_32_BIT_CONVERSION = YES;
				GCC_WARN_ABOUT_RETURN_TYPE = YES_ERROR;
				GCC_WARN_UNDECLARED_SELECTOR = YES;
				GCC_WARN_UNINITIALIZED_AUTOS = YES_AGGRESSIVE;
				GCC_WARN_UNUSED_FUNCTION = YES;
				GCC_WARN_UNUSED_VARIABLE = YES;
				IPHONEOS_DEPLOYMENT_TARGET = 9.2;
				MTL_ENABLE_DEBUG_INFO = YES;
				ONLY_ACTIVE_ARCH = YES;
				SDKROOT = iphoneos;
				SWIFT_OPTIMIZATION_LEVEL = "-Onone";
			};
			name = Debug;
		};
		26D4FF321C343E4D00918C1F /* Release */ = {
			isa = XCBuildConfiguration;
			buildSettings = {
				ALWAYS_SEARCH_USER_PATHS = NO;
				CLANG_CXX_LANGUAGE_STANDARD = "gnu++0x";
				CLANG_CXX_LIBRARY = "libc++";
				CLANG_ENABLE_MODULES = YES;
				CLANG_ENABLE_OBJC_ARC = YES;
				CLANG_WARN_BOOL_CONVERSION = YES;
				CLANG_WARN_CONSTANT_CONVERSION = YES;
				CLANG_WARN_DIRECT_OBJC_ISA_USAGE = YES_ERROR;
				CLANG_WARN_EMPTY_BODY = YES;
				CLANG_WARN_ENUM_CONVERSION = YES;
				CLANG_WARN_INT_CONVERSION = YES;
				CLANG_WARN_OBJC_ROOT_CLASS = YES_ERROR;
				CLANG_WARN_UNREACHABLE_CODE = YES;
				CLANG_WARN__DUPLICATE_METHOD_MATCH = YES;
				"CODE_SIGN_IDENTITY[sdk=iphoneos*]" = "iPhone Developer";
				COPY_PHASE_STRIP = NO;
				DEBUG_INFORMATION_FORMAT = "dwarf-with-dsym";
				ENABLE_NS_ASSERTIONS = NO;
				ENABLE_STRICT_OBJC_MSGSEND = YES;
				GCC_C_LANGUAGE_STANDARD = gnu99;
				GCC_NO_COMMON_BLOCKS = YES;
				GCC_WARN_64_TO_32_BIT_CONVERSION = YES;
				GCC_WARN_ABOUT_RETURN_TYPE = YES_ERROR;
				GCC_WARN_UNDECLARED_SELECTOR = YES;
				GCC_WARN_UNINITIALIZED_AUTOS = YES_AGGRESSIVE;
				GCC_WARN_UNUSED_FUNCTION = YES;
				GCC_WARN_UNUSED_VARIABLE = YES;
				IPHONEOS_DEPLOYMENT_TARGET = 9.2;
				MTL_ENABLE_DEBUG_INFO = NO;
				SDKROOT = iphoneos;
				VALIDATE_PRODUCT = YES;
			};
			name = Release;
		};
		26D4FF341C343E4D00918C1F /* Debug */ = {
			isa = XCBuildConfiguration;
			buildSettings = {
				ASSETCATALOG_COMPILER_APPICON_NAME = AppIcon;
				INFOPLIST_FILE = VGTrivia/Info.plist;
				LD_RUNPATH_SEARCH_PATHS = "$(inherited) @executable_path/Frameworks";
				PRODUCT_BUNDLE_IDENTIFIER = co.com.diegosalazar.VGTrivia;
				PRODUCT_NAME = "$(TARGET_NAME)";
			};
			name = Debug;
		};
		26D4FF351C343E4D00918C1F /* Release */ = {
			isa = XCBuildConfiguration;
			buildSettings = {
				ASSETCATALOG_COMPILER_APPICON_NAME = AppIcon;
				INFOPLIST_FILE = VGTrivia/Info.plist;
				LD_RUNPATH_SEARCH_PATHS = "$(inherited) @executable_path/Frameworks";
				PRODUCT_BUNDLE_IDENTIFIER = co.com.diegosalazar.VGTrivia;
				PRODUCT_NAME = "$(TARGET_NAME)";
			};
			name = Release;
		};
/* End XCBuildConfiguration section */

/* Begin XCConfigurationList section */
		26D4FF1C1C343E4C00918C1F /* Build configuration list for PBXProject "VGTrivia" */ = {
			isa = XCConfigurationList;
			buildConfigurations = (
				26D4FF311C343E4D00918C1F /* Debug */,
				26D4FF321C343E4D00918C1F /* Release */,
			);
			defaultConfigurationIsVisible = 0;
			defaultConfigurationName = Release;
		};
		26D4FF331C343E4D00918C1F /* Build configuration list for PBXNativeTarget "VGTrivia" */ = {
			isa = XCConfigurationList;
			buildConfigurations = (
				26D4FF341C343E4D00918C1F /* Debug */,
				26D4FF351C343E4D00918C1F /* Release */,
			);
			defaultConfigurationIsVisible = 0;
			defaultConfigurationName = Release;
		};
/* End XCConfigurationList section */
	};
	rootObject = 26D4FF191C343E4C00918C1F /* Project object */;
}
